# THIS IS AN AUTOGENERATED FILE. DO NOT EDIT THIS FILE DIRECTLY.
# yarn lockfile v1


backoff@~2.5.0:
  version "2.5.0"
  resolved "https://registry.yarnpkg.com/backoff/-/backoff-2.5.0.tgz#f616eda9d3e4b66b8ca7fca79f695722c5f8e26f"
  integrity sha512-wC5ihrnUXmR2douXmXLCe5O3zg3GKIyvRi/hi58a/XyRxVI+3/yM0PYueQOZXPXQ9pxBislYkw+sF9b7C/RuMA==
  dependencies:
    precond "0.2"

base64-js@0.0.2:
  version "0.0.2"
  resolved "https://registry.yarnpkg.com/base64-js/-/base64-js-0.0.2.tgz#024f0f72afa25b75f9c0ee73cd4f55ec1bed9784"
  integrity sha512-Pj9L87dCdGcKlSqPVUjD+q96pbIx1zQQLb2CUiWURfjiBELv84YX+0nGnKmyT/9KkC7PQk7UN1w+Al8bBozaxQ==

base64-js@1.0.2:
  version "1.0.2"
  resolved "https://registry.yarnpkg.com/base64-js/-/base64-js-1.0.2.tgz#474211c95e6cf2a547db461e4f6778b51d08fa65"
  integrity sha512-ZXBDPMt/v/8fsIqn+Z5VwrhdR6jVka0bYobHdGia0Nxi7BJ9i/Uvml3AocHIBtIIBhZjBw5MR0aR4ROs/8+SNg==

bindings@^1.2.1:
  version "1.5.0"
  resolved "https://registry.yarnpkg.com/bindings/-/bindings-1.5.0.tgz#10353c9e945334bc0511a6d90b38fbc7c9c504df"
  integrity sha512-p2q/t/mhvuOj/UeLlV6566GD/guowlr0hHxClI0W9m7MWYkL1F0hLo+0Aexs9HSPCtR1SXQ0TD3MMKrXZajbiQ==
  dependencies:
    file-uri-to-path "1.0.0"

bops@1.0.0:
  version "1.0.0"
  resolved "https://registry.yarnpkg.com/bops/-/bops-1.0.0.tgz#631a8928f1178417eb6f706cf69acdb5e5a4eaad"
  integrity sha512-vVai54aP4LqbM+KNB1giwMo9nHvlV7pc7+iUNHYDTQe6WWI9L/jeSPBC89kUz3xA8qD7sZLldHxOXip1npWbmw==
  dependencies:
    base64-js "1.0.2"
    to-utf8 "0.0.1"

bops@~0.0.6:
  version "0.0.7"
  resolved "https://registry.yarnpkg.com/bops/-/bops-0.0.7.tgz#b4a0a5a839a406454af0fe05a8b91a7a766a54e2"
  integrity sha512-oF8JFj2vZoTTzbS4haaB/37vqoJbZXxPBWmNdFONu3dUBW+zp7JcoIIYYd1r+4/YwFM8QUSR1u4rrPbtcdHsRg==
  dependencies:
    base64-js "0.0.2"
    to-utf8 "0.0.1"

dnode-protocol@~0.2.2:
  version "0.2.2"
  resolved "https://registry.yarnpkg.com/dnode-protocol/-/dnode-protocol-0.2.2.tgz#51151d16fc3b5f84815ee0b9497a1061d0d1949d"
  integrity sha1-URUdFvw7X4SBXuC5SXoQYdDRlJ0=
  dependencies:
    jsonify "~0.0.0"
    traverse "~0.6.3"

dnode@^1.2.2:
  version "1.2.2"
  resolved "https://registry.yarnpkg.com/dnode/-/dnode-1.2.2.tgz#4ac3cfe26e292b3b39b8258ae7d94edc58132efa"
  integrity sha1-SsPP4m4pKzs5uCWK59lO3FgTLvo=
  dependencies:
    dnode-protocol "~0.2.2"
    jsonify "~0.0.0"
  optionalDependencies:
    weak "^1.0.0"

duplex-emitter@^2.1.2:
  version "2.1.2"
  resolved "https://registry.yarnpkg.com/duplex-emitter/-/duplex-emitter-2.1.2.tgz#10c9cf2b13a7dbfff6264955dca45396e8e7db5e"
  integrity sha1-EMnPKxOn2//2JklV3KRTlujn214=
  dependencies:
    split "~0.2.6"
    stream-combiner "0.0.2"
    through "~2.3.4"

duplex@~1.0.0:
  version "1.0.0"
  resolved "https://registry.yarnpkg.com/duplex/-/duplex-1.0.0.tgz#6abc5c16ec17e4c578578727126700590d3a2dda"
  integrity sha1-arxcFuwX5MV4V4cnEmcAWQ06Ldo=

duplexer@~0.0.3:
  version "0.0.4"
  resolved "https://registry.yarnpkg.com/duplexer/-/duplexer-0.0.4.tgz#afcb7f1f8b8d74f820726171d5d64ac9e4a8ff20"
  integrity sha1-r8t/H4uNdPggcmFx1dZKyeSo/yA=

duplexer@~0.1.1:
  version "0.1.2"
  resolved "https://registry.yarnpkg.com/duplexer/-/duplexer-0.1.2.tgz#3abe43aef3835f8ae077d136ddce0f276b0400e6"
  integrity sha512-jtD6YG370ZCIi/9GTaJKQxWTZD045+4R4hTk/x1UyoqadyJ9x9CgSi1RlVDQF8U2sxLLSnFkCaMihqljHIWgMg==

file-uri-to-path@1.0.0:
  version "1.0.0"
  resolved "https://registry.yarnpkg.com/file-uri-to-path/-/file-uri-to-path-1.0.0.tgz#553a7b8446ff6f684359c445f1e37a05dacc33dd"
  integrity sha512-0Zt+s3L7Vf1biwWZ29aARiVYLx7iMGnEUl9x33fbB/j3jR81u/O2LbqK+Bm1CDSNDKVtJ/YjwY7TUd5SkeLQLw==

json-buffer@~2.0.4:
  version "2.0.11"
  resolved "https://registry.yarnpkg.com/json-buffer/-/json-buffer-2.0.11.tgz#3e441fda3098be8d1e3171ad591bc62a33e2d55f"
  integrity sha1-PkQf2jCYvo0eMXGtWRvGKjPi1V8=

json-duplex-stream@^1.2.0:
  version "1.2.0"
  resolved "https://registry.yarnpkg.com/json-duplex-stream/-/json-duplex-stream-1.2.0.tgz#5ee42c2baf8e829ed4f97085a1c96c61be3f35d5"
  integrity sha1-XuQsK6+Ogp7U+XCFoclsYb4/NdU=
  dependencies:
    json-stringify-safe "^5.0.0"
    split "^0.3.0"
    stream-combiner "^0.2.1"
    through "^2.3.4"

json-stringify-safe@^5.0.0:
  version "5.0.1"
  resolved "https://registry.yarnpkg.com/json-stringify-safe/-/json-stringify-safe-5.0.1.tgz#1296a2d58fd45f19a0f6ce01d65701e2c735b6eb"
  integrity sha1-Epai1Y/UXxmg9s4B1lcB4sc1tus=

jsonify@~0.0.0:
  version "0.0.0"
  resolved "https://registry.yarnpkg.com/jsonify/-/jsonify-0.0.0.tgz#2c74b6ee41d93ca51b7b5aaee8f503631d252a73"
  integrity sha1-LHS27kHZPKUbe1qu6PUDYx0lKnM=

msgpack-js@0.3.0:
  version "0.3.0"
  resolved "https://registry.yarnpkg.com/msgpack-js/-/msgpack-js-0.3.0.tgz#030ec08c5956f9ca7d17d40a572d5396fec10923"
  integrity sha1-Aw7AjFlW+cp9F9QKVy1Tlv7BCSM=
  dependencies:
    bops "~0.0.6"

msgpack-stream@~0.0.10:
  version "0.0.13"
  resolved "https://registry.yarnpkg.com/msgpack-stream/-/msgpack-stream-0.0.13.tgz#50a673ac4eaeca5e37701924d093d43350c1e52c"
  integrity sha1-UKZzrE6uyl43cBkk0JPUM1DB5Sw=
  dependencies:
    bops "1.0.0"
    msgpack-js "0.3.0"
    through "2.3.4"

mux-demux@^3.7.9:
  version "3.7.9"
  resolved "https://registry.yarnpkg.com/mux-demux/-/mux-demux-3.7.9.tgz#35367718fd3601c80bce2eb762531576d7a4acef"
  integrity sha1-NTZ3GP02AcgLzi63YlMVdtekrO8=
  dependencies:
    duplex "~1.0.0"
    json-buffer "~2.0.4"
    msgpack-stream "~0.0.10"
    stream-combiner "0.0.2"
    stream-serializer "~1.1.1"
    through "~2.3.1"
    xtend "~1.0.3"

nan@^2.0.5:
  version "2.15.0"
  resolved "https://registry.yarnpkg.com/nan/-/nan-2.15.0.tgz#3f34a473ff18e15c1b5626b62903b5ad6e665fee"
  integrity sha512-8ZtvEnA2c5aYCZYd1cvgdnU6cqwixRoYg70xPLWUws5ORTa/lnw+u4amixRS/Ac5U5mQVgp9pnlSUnbNWFaWZQ==

precond@0.2:
  version "0.2.3"
  resolved "https://registry.yarnpkg.com/precond/-/precond-0.2.3.tgz#aa9591bcaa24923f1e0f4849d240f47efc1075ac"
  integrity sha1-qpWRvKokkj8eD0hJ0kD0fvwQdaw=

reconnect-core@~1.2.0:
  version "1.2.0"
  resolved "https://registry.yarnpkg.com/reconnect-core/-/reconnect-core-1.2.0.tgz#2af25f6fe2f11f22819fcbf489c5168d496f0f0f"
  integrity sha1-KvJfb+LxHyKBn8v0icUWjUlvDw8=
  dependencies:
    backoff "~2.5.0"

reconnect-net@^1.1.1:
  version "1.1.1"
  resolved "https://registry.yarnpkg.com/reconnect-net/-/reconnect-net-1.1.1.tgz#b177d0f548f22ee46ccde19a38c65d2b255ea37b"
  integrity sha1-sXfQ9UjyLuRszeGaOMZdKyVeo3s=
  dependencies:
    reconnect-core "~1.2.0"

split@^0.3.0:
  version "0.3.3"
  resolved "https://registry.yarnpkg.com/split/-/split-0.3.3.tgz#cd0eea5e63a211dfff7eb0f091c4133e2d0dd28f"
  integrity sha1-zQ7qXmOiEd//frDwkcQTPi0N0o8=
  dependencies:
    through "2"

split@~0.2.6:
  version "0.2.10"
  resolved "https://registry.yarnpkg.com/split/-/split-0.2.10.tgz#67097c601d697ce1368f418f06cd201cf0521a57"
  integrity sha1-Zwl8YB1pfOE2j0GPBs0gHPBSGlc=
  dependencies:
    through "2"

stream-combiner@0.0.2:
  version "0.0.2"
  resolved "https://registry.yarnpkg.com/stream-combiner/-/stream-combiner-0.0.2.tgz#dfe0e74675742565e76c6056788ea5c23bd97db4"
  integrity sha1-3+DnRnV0JWXnbGBWeI6lwjvZfbQ=
  dependencies:
    duplexer "~0.0.3"

stream-combiner@^0.2.1:
  version "0.2.2"
  resolved "https://registry.yarnpkg.com/stream-combiner/-/stream-combiner-0.2.2.tgz#aec8cbac177b56b6f4fa479ced8c1912cee52858"
  integrity sha1-rsjLrBd7Vrb0+kec7YwZEs7lKFg=
  dependencies:
    duplexer "~0.1.1"
    through "~2.3.4"

stream-serializer@~1.1.1:
  version "1.1.2"
  resolved "https://registry.yarnpkg.com/stream-serializer/-/stream-serializer-1.1.2.tgz#c1f97d15da251f594ae27d41ec8ada09a846e34f"
  integrity sha1-wfl9FdolH1lK4n1B7IraCahG408=

through@2, through@^2.3.4, through@~2.3.1, through@~2.3.4:
  version "2.3.8"
  resolved "https://registry.yarnpkg.com/through/-/through-2.3.8.tgz#0dd4c9ffaabc357960b1b724115d7e0e86a2e1f5"
  integrity sha1-DdTJ/6q8NXlgsbckEV1+Doai4fU=

through@2.3.4:
  version "2.3.4"
  resolved "https://registry.yarnpkg.com/through/-/through-2.3.4.tgz#495e40e8d8a8eaebc7c275ea88c2b8fc14c56455"
  integrity sha1-SV5A6Nio6uvHwnXqiMK4/BTFZFU=

to-utf8@0.0.1:
  version "0.0.1"
  resolved "https://registry.yarnpkg.com/to-utf8/-/to-utf8-0.0.1.tgz#d17aea72ff2fba39b9e43601be7b3ff72e089852"
  integrity sha1-0Xrqcv8vujm55DYBvns/9y4ImFI=

traverse@~0.6.3:
  version "0.6.6"
  resolved "https://registry.yarnpkg.com/traverse/-/traverse-0.6.6.tgz#cbdf560fd7b9af632502fed40f918c157ea97137"
  integrity sha1-y99WD9e5r2MlAv7UD5GMFX6pcTc=

weak@^1.0.0:
  version "1.0.1"
  resolved "https://registry.yarnpkg.com/weak/-/weak-1.0.1.tgz#ab99aab30706959aa0200cb8cf545bb9cb33b99e"
  integrity sha1-q5mqswcGlZqgIAy4z1RbucszuZ4=
  dependencies:
    bindings "^1.2.1"
    nan "^2.0.5"

xtend@~1.0.3:
  version "1.0.3"
  resolved "https://registry.yarnpkg.com/xtend/-/xtend-1.0.3.tgz#3f5d937353cced8e085399a563fdb22541c2960a"
  integrity sha1-P12Tc1PM7Y4IU5mlY/2yJUHClgo=
